{
  "version": 4,
  "terraform_version": "1.13.2",
  "serial": 66,
  "lineage": "5e9c6878-3a27-645a-116d-bc5bf4bab1fd",
  "outputs": {
    "public_ip_address": {
      "value": "20.120.83.5",
      "type": "string"
    },
    "resource_group_name": {
      "value": "rg-tf-demo",
      "type": "string"
    },
    "vm_name": {
      "value": "vm-tf-demo",
      "type": "string"
    }
  },
  "resources": [
    {
      "mode": "managed",
      "type": "azurerm_linux_virtual_machine",
      "name": "demo",
      "provider": "provider[\"registry.terraform.io/hashicorp/azurerm\"]",
      "instances": [
        {
          "schema_version": 0,
          "attributes": {
            "additional_capabilities": [],
            "admin_password": "Azure@123456",
            "admin_ssh_key": [],
            "admin_username": "azureadmin1",
            "allow_extension_operations": true,
            "availability_set_id": "",
            "boot_diagnostics": [],
            "bypass_platform_safety_checks_on_user_schedule_enabled": false,
            "capacity_reservation_group_id": "",
            "computer_name": "vm-tf-demo",
            "custom_data": null,
            "dedicated_host_group_id": "",
            "dedicated_host_id": "",
            "disable_password_authentication": false,
            "disk_controller_type": "NVMe",
            "edge_zone": "",
            "encryption_at_host_enabled": false,
            "eviction_policy": "",
            "extensions_time_budget": "PT1H30M",
            "gallery_application": [],
            "id": "/subscriptions/28b4c408-4679-4768-9b8a-8666e631a6ea/resourceGroups/rg-tf-demo/providers/Microsoft.Compute/virtualMachines/vm-tf-demo",
            "identity": [],
            "license_type": "",
            "location": "eastus",
            "max_bid_price": -1,
            "name": "vm-tf-demo",
            "network_interface_ids": [
              "/subscriptions/28b4c408-4679-4768-9b8a-8666e631a6ea/resourceGroups/rg-tf-demo/providers/Microsoft.Network/networkInterfaces/nic-vm-demo"
            ],
            "os_disk": [
              {
                "caching": "ReadWrite",
                "diff_disk_settings": [],
                "disk_encryption_set_id": "",
                "disk_size_gb": 30,
                "id": "/subscriptions/28b4c408-4679-4768-9b8a-8666e631a6ea/resourceGroups/rg-tf-demo/providers/Microsoft.Compute/disks/vm-tf-demo_OsDisk_1_effad63ff999442998ad3f4f88858901",
                "name": "vm-tf-demo_OsDisk_1_effad63ff999442998ad3f4f88858901",
                "secure_vm_disk_encryption_set_id": "",
                "security_encryption_type": "",
                "storage_account_type": "Standard_LRS",
                "write_accelerator_enabled": false
              }
            ],
            "os_image_notification": [],
            "os_managed_disk_id": "/subscriptions/28b4c408-4679-4768-9b8a-8666e631a6ea/resourceGroups/rg-tf-demo/providers/Microsoft.Compute/disks/vm-tf-demo_OsDisk_1_effad63ff999442998ad3f4f88858901",
            "patch_assessment_mode": "ImageDefault",
            "patch_mode": "ImageDefault",
            "plan": [],
            "platform_fault_domain": -1,
            "priority": "Regular",
            "private_ip_address": "10.0.1.4",
            "private_ip_addresses": [
              "10.0.1.4"
            ],
            "provision_vm_agent": true,
            "proximity_placement_group_id": "",
            "public_ip_address": "20.120.83.5",
            "public_ip_addresses": [
              "20.120.83.5"
            ],
            "reboot_setting": "",
            "resource_group_name": "rg-tf-demo",
            "secret": [],
            "secure_boot_enabled": false,
            "size": "Standard_D2als_v7",
            "source_image_id": "",
            "source_image_reference": [
              {
                "offer": "ubuntu-24_04-lts",
                "publisher": "Canonical",
                "sku": "server",
                "version": "latest"
              }
            ],
            "tags": {
              "environment": "demo",
              "managed_by": "terraform"
            },
            "termination_notification": [],
            "timeouts": null,
            "user_data": "",
            "virtual_machine_id": "880ae60d-727a-4f45-8f6e-461b59b75de4",
            "virtual_machine_scale_set_id": "",
            "vm_agent_platform_updates_enabled": false,
            "vtpm_enabled": false,
            "zone": ""
          },
          "sensitive_attributes": [
            [
              {
                "type": "get_attr",
                "value": "admin_password"
              }
            ],
            [
              {
                "type": "get_attr",
                "value": "custom_data"
              }
            ]
          ],
          "identity_schema_version": 0,
          "private": "eyJlMmJmYjczMC1lY2FhLTExZTYtOGY4OC0zNDM2M2JjN2M0YzAiOnsiY3JlYXRlIjoyNzAwMDAwMDAwMDAwLCJkZWxldGUiOjI3MDAwMDAwMDAwMDAsInJlYWQiOjMwMDAwMDAwMDAwMCwidXBkYXRlIjoyNzAwMDAwMDAwMDAwfX0=",
          "dependencies": [
            "azurerm_network_interface.vm",
            "azurerm_public_ip.vm",
            "azurerm_resource_group.demo",
            "azurerm_subnet.vm",
            "azurerm_virtual_network.demo"
          ]
        }
      ]
    },
    {
      "mode": "managed",
      "type": "azurerm_network_interface",
      "name": "vm",
      "provider": "provider[\"registry.terraform.io/hashicorp/azurerm\"]",
      "instances": [
        {
          "schema_version": 0,
          "attributes": {
            "accelerated_networking_enabled": false,
            "applied_dns_servers": [],
            "auxiliary_mode": "",
            "auxiliary_sku": "",
            "dns_servers": [],
            "edge_zone": "",
            "id": "/subscriptions/28b4c408-4679-4768-9b8a-8666e631a6ea/resourceGroups/rg-tf-demo/providers/Microsoft.Network/networkInterfaces/nic-vm-demo",
            "internal_dns_name_label": "",
            "internal_domain_name_suffix": "sgqnhxoahp4etbbftcp5hwenva.bx.internal.cloudapp.net",
            "ip_configuration": [
              {
                "gateway_load_balancer_frontend_ip_configuration_id": "",
                "name": "internal",
                "primary": true,
                "private_ip_address": "10.0.1.4",
                "private_ip_address_allocation": "Dynamic",
                "private_ip_address_version": "IPv4",
                "public_ip_address_id": "/subscriptions/28b4c408-4679-4768-9b8a-8666e631a6ea/resourceGroups/rg-tf-demo/providers/Microsoft.Network/publicIPAddresses/pip-vm-demo",
                "subnet_id": "/subscriptions/28b4c408-4679-4768-9b8a-8666e631a6ea/resourceGroups/rg-tf-demo/providers/Microsoft.Network/virtualNetworks/vnet-tf-demo/subnets/subnet-vm"
              }
            ],
            "ip_forwarding_enabled": false,
            "location": "eastus",
            "mac_address": "7C-ED-8D-21-65-25",
            "name": "nic-vm-demo",
            "private_ip_address": "10.0.1.4",
            "private_ip_addresses": [
              "10.0.1.4"
            ],
            "resource_group_name": "rg-tf-demo",
            "tags": {
              "environment": "demo",
              "managed_by": "terraform"
            },
            "timeouts": null,
            "virtual_machine_id": "/subscriptions/28b4c408-4679-4768-9b8a-8666e631a6ea/resourceGroups/rg-tf-demo/providers/Microsoft.Compute/virtualMachines/vm-tf-demo"
          },
          "sensitive_attributes": [],
          "identity_schema_version": 0,
          "identity": {
            "name": "nic-vm-demo",
            "resource_group_name": "rg-tf-demo",
            "subscription_id": "28b4c408-4679-4768-9b8a-8666e631a6ea"
          },
          "private": "eyJlMmJmYjczMC1lY2FhLTExZTYtOGY4OC0zNDM2M2JjN2M0YzAiOnsiY3JlYXRlIjoxODAwMDAwMDAwMDAwLCJkZWxldGUiOjE4MDAwMDAwMDAwMDAsInJlYWQiOjMwMDAwMDAwMDAwMCwidXBkYXRlIjoxODAwMDAwMDAwMDAwfX0=",
          "dependencies": [
            "azurerm_public_ip.vm",
            "azurerm_resource_group.demo",
            "azurerm_subnet.vm",
            "azurerm_virtual_network.demo"
          ]
        }
      ]
    },
    {
      "mode": "managed",
      "type": "azurerm_network_interface_security_group_association",
      "name": "vm",
      "provider": "provider[\"registry.terraform.io/hashicorp/azurerm\"]",
      "instances": [
        {
          "schema_version": 0,
          "attributes": {
            "id": "/subscriptions/28b4c408-4679-4768-9b8a-8666e631a6ea/resourceGroups/rg-tf-demo/providers/Microsoft.Network/networkInterfaces/nic-vm-demo|/subscriptions/28b4c408-4679-4768-9b8a-8666e631a6ea/resourceGroups/rg-tf-demo/providers/Microsoft.Network/networkSecurityGroups/nsg-vm-demo",
            "network_interface_id": "/subscriptions/28b4c408-4679-4768-9b8a-8666e631a6ea/resourceGroups/rg-tf-demo/providers/Microsoft.Network/networkInterfaces/nic-vm-demo",
            "network_security_group_id": "/subscriptions/28b4c408-4679-4768-9b8a-8666e631a6ea/resourceGroups/rg-tf-demo/providers/Microsoft.Network/networkSecurityGroups/nsg-vm-demo",
            "timeouts": null
          },
          "sensitive_attributes": [],
          "identity_schema_version": 0,
          "private": "eyJlMmJmYjczMC1lY2FhLTExZTYtOGY4OC0zNDM2M2JjN2M0YzAiOnsiY3JlYXRlIjoxODAwMDAwMDAwMDAwLCJkZWxldGUiOjE4MDAwMDAwMDAwMDAsInJlYWQiOjMwMDAwMDAwMDAwMH19",
          "dependencies": [
            "azurerm_network_interface.vm",
            "azurerm_network_security_group.vm",
            "azurerm_public_ip.vm",
            "azurerm_resource_group.demo",
            "azurerm_subnet.vm",
            "azurerm_virtual_network.demo"
          ]
        }
      ]
    },
    {
      "mode": "managed",
      "type": "azurerm_network_security_group",
      "name": "vm",
      "provider": "provider[\"registry.terraform.io/hashicorp/azurerm\"]",
      "instances": [
        {
          "schema_version": 0,
          "attributes": {
            "id": "/subscriptions/28b4c408-4679-4768-9b8a-8666e631a6ea/resourceGroups/rg-tf-demo/providers/Microsoft.Network/networkSecurityGroups/nsg-vm-demo",
            "location": "eastus",
            "name": "nsg-vm-demo",
            "resource_group_name": "rg-tf-demo",
            "security_rule": [
              {
                "access": "Allow",
                "description": "",
                "destination_address_prefix": "*",
                "destination_address_prefixes": [],
                "destination_application_security_group_ids": [],
                "destination_port_range": "22",
                "destination_port_ranges": [],
                "direction": "Inbound",
                "name": "AllowSSH",
                "priority": 100,
                "protocol": "Tcp",
                "source_address_prefix": "*",
                "source_address_prefixes": [],
                "source_application_security_group_ids": [],
                "source_port_range": "*",
                "source_port_ranges": []
              }
            ],
            "tags": {
              "environment": "demo",
              "managed_by": "terraform"
            },
            "timeouts": null
          },
          "sensitive_attributes": [],
          "identity_schema_version": 0,
          "identity": {
            "name": "nsg-vm-demo",
            "resource_group_name": "rg-tf-demo",
            "subscription_id": "28b4c408-4679-4768-9b8a-8666e631a6ea"
          },
          "private": "eyJlMmJmYjczMC1lY2FhLTExZTYtOGY4OC0zNDM2M2JjN2M0YzAiOnsiY3JlYXRlIjoxODAwMDAwMDAwMDAwLCJkZWxldGUiOjE4MDAwMDAwMDAwMDAsInJlYWQiOjMwMDAwMDAwMDAwMCwidXBkYXRlIjoxODAwMDAwMDAwMDAwfX0=",
          "dependencies": [
            "azurerm_resource_group.demo"
          ]
        }
      ]
    },
    {
      "mode": "managed",
      "type": "azurerm_public_ip",
      "name": "vm",
      "provider": "provider[\"registry.terraform.io/hashicorp/azurerm\"]",
      "instances": [
        {
          "schema_version": 0,
          "attributes": {
            "allocation_method": "Static",
            "ddos_protection_mode": "VirtualNetworkInherited",
            "ddos_protection_plan_id": null,
            "domain_name_label": "",
            "domain_name_label_scope": "",
            "edge_zone": "",
            "fqdn": "",
            "id": "/subscriptions/28b4c408-4679-4768-9b8a-8666e631a6ea/resourceGroups/rg-tf-demo/providers/Microsoft.Network/publicIPAddresses/pip-vm-demo",
            "idle_timeout_in_minutes": 4,
            "ip_address": "20.120.83.5",
            "ip_tags": {},
            "ip_version": "IPv4",
            "location": "eastus",
            "name": "pip-vm-demo",
            "public_ip_prefix_id": null,
            "resource_group_name": "rg-tf-demo",
            "reverse_fqdn": "",
            "sku": "Standard",
            "sku_tier": "Regional",
            "tags": {
              "environment": "demo",
              "managed_by": "terraform"
            },
            "timeouts": null,
            "zones": []
          },
          "sensitive_attributes": [],
          "identity_schema_version": 0,
          "identity": {
            "name": "pip-vm-demo",
            "resource_group_name": "rg-tf-demo",
            "subscription_id": "28b4c408-4679-4768-9b8a-8666e631a6ea"
          },
          "private": "eyJlMmJmYjczMC1lY2FhLTExZTYtOGY4OC0zNDM2M2JjN2M0YzAiOnsiY3JlYXRlIjoxODAwMDAwMDAwMDAwLCJkZWxldGUiOjE4MDAwMDAwMDAwMDAsInJlYWQiOjMwMDAwMDAwMDAwMCwidXBkYXRlIjoxODAwMDAwMDAwMDAwfX0=",
          "dependencies": [
            "azurerm_resource_group.demo"
          ]
        }
      ]
    },
    {
      "mode": "managed",
      "type": "azurerm_resource_group",
      "name": "demo",
      "provider": "provider[\"registry.terraform.io/hashicorp/azurerm\"]",
      "instances": [
        {
          "schema_version": 0,
          "attributes": {
            "id": "/subscriptions/28b4c408-4679-4768-9b8a-8666e631a6ea/resourceGroups/rg-tf-demo",
            "location": "eastus",
            "managed_by": "",
            "name": "rg-tf-demo",
            "tags": {
              "environment": "demo",
              "managed_by": "terraform"
            },
            "timeouts": null
          },
          "sensitive_attributes": [],
          "identity_schema_version": 0,
          "identity": {
            "name": "rg-tf-demo",
            "subscription_id": "28b4c408-4679-4768-9b8a-8666e631a6ea"
          },
          "private": "eyJlMmJmYjczMC1lY2FhLTExZTYtOGY4OC0zNDM2M2JjN2M0YzAiOnsiY3JlYXRlIjo1NDAwMDAwMDAwMDAwLCJkZWxldGUiOjU0MDAwMDAwMDAwMDAsInJlYWQiOjMwMDAwMDAwMDAwMCwidXBkYXRlIjo1NDAwMDAwMDAwMDAwfX0="
        }
      ]
    },
    {
      "mode": "managed",
      "type": "azurerm_subnet",
      "name": "vm",
      "provider": "provider[\"registry.terraform.io/hashicorp/azurerm\"]",
      "instances": [
        {
          "schema_version": 0,
          "attributes": {
            "address_prefixes": [
              "10.0.1.0/24"
            ],
            "default_outbound_access_enabled": true,
            "delegation": [],
            "id": "/subscriptions/28b4c408-4679-4768-9b8a-8666e631a6ea/resourceGroups/rg-tf-demo/providers/Microsoft.Network/virtualNetworks/vnet-tf-demo/subnets/subnet-vm",
            "ip_address_pool": [],
            "name": "subnet-vm",
            "private_endpoint_network_policies": "Disabled",
            "private_link_service_network_policies_enabled": true,
            "resource_group_name": "rg-tf-demo",
            "service_endpoint_policy_ids": [],
            "service_endpoints": [],
            "sharing_scope": "",
            "timeouts": null,
            "virtual_network_name": "vnet-tf-demo"
          },
          "sensitive_attributes": [],
          "identity_schema_version": 0,
          "identity": {
            "name": "subnet-vm",
            "resource_group_name": "rg-tf-demo",
            "subscription_id": "28b4c408-4679-4768-9b8a-8666e631a6ea",
            "virtual_network_name": "vnet-tf-demo"
          },
          "private": "eyJlMmJmYjczMC1lY2FhLTExZTYtOGY4OC0zNDM2M2JjN2M0YzAiOnsiY3JlYXRlIjoxODAwMDAwMDAwMDAwLCJkZWxldGUiOjE4MDAwMDAwMDAwMDAsInJlYWQiOjMwMDAwMDAwMDAwMCwidXBkYXRlIjoxODAwMDAwMDAwMDAwfX0=",
          "dependencies": [
            "azurerm_resource_group.demo",
            "azurerm_virtual_network.demo"
          ]
        }
      ]
    },
    {
      "mode": "managed",
      "type": "azurerm_virtual_network",
      "name": "demo",
      "provider": "provider[\"registry.terraform.io/hashicorp/azurerm\"]",
      "instances": [
        {
          "schema_version": 0,
          "attributes": {
            "address_space": [
              "10.0.0.0/16"
            ],
            "bgp_community": "",
            "ddos_protection_plan": [],
            "dns_servers": [],
            "edge_zone": "",
            "encryption": [],
            "flow_timeout_in_minutes": 0,
            "guid": "ddd3a091-3bc0-49fc-8425-989ff3d88da8",
            "id": "/subscriptions/28b4c408-4679-4768-9b8a-8666e631a6ea/resourceGroups/rg-tf-demo/providers/Microsoft.Network/virtualNetworks/vnet-tf-demo",
            "ip_address_pool": [],
            "location": "eastus",
            "name": "vnet-tf-demo",
            "private_endpoint_vnet_policies": "Disabled",
            "resource_group_name": "rg-tf-demo",
            "subnet": [
              {
                "address_prefixes": [
                  "10.0.1.0/24"
                ],
                "default_outbound_access_enabled": true,
                "delegation": [],
                "id": "/subscriptions/28b4c408-4679-4768-9b8a-8666e631a6ea/resourceGroups/rg-tf-demo/providers/Microsoft.Network/virtualNetworks/vnet-tf-demo/subnets/subnet-vm",
                "name": "subnet-vm",
                "private_endpoint_network_policies": "Disabled",
                "private_link_service_network_policies_enabled": true,
                "route_table_id": "",
                "security_group": "",
                "service_endpoint_policy_ids": [],
                "service_endpoints": []
              }
            ],
            "tags": {
              "environment": "demo",
              "managed_by": "terraform"
            },
            "timeouts": null
          },
          "sensitive_attributes": [],
          "identity_schema_version": 0,
          "identity": {
            "name": "vnet-tf-demo",
            "resource_group_name": "rg-tf-demo",
            "subscription_id": "28b4c408-4679-4768-9b8a-8666e631a6ea"
          },
          "private": "eyJlMmJmYjczMC1lY2FhLTExZTYtOGY4OC0zNDM2M2JjN2M0YzAiOnsiY3JlYXRlIjoxODAwMDAwMDAwMDAwLCJkZWxldGUiOjE4MDAwMDAwMDAwMDAsInJlYWQiOjMwMDAwMDAwMDAwMCwidXBkYXRlIjoxODAwMDAwMDAwMDAwfX0=",
          "dependencies": [
            "azurerm_resource_group.demo"
          ]
        }
      ]
    }
  ],
  "check_results": null
}
